// !$*UTF8*$!
{
	archiveVersion = 1;
	classes = {
	};
	objectVersion = 50;
	objects = {

/* Begin PBXBuildFile section */
		2C820DAB259219C7008F7290 /* Tests_iOS.swift in Sources */ = {isa = PBXBuildFile; fileRef = 2C820DAA259219C7008F7290 /* Tests_iOS.swift */; };
		2C820DB6259219C7008F7290 /* Tests_macOS.swift in Sources */ = {isa = PBXBuildFile; fileRef = 2C820DB5259219C7008F7290 /* Tests_macOS.swift */; };
		2C820DB8259219C7008F7290 /* OneScreenScrollApp.swift in Sources */ = {isa = PBXBuildFile; fileRef = 2C820D8F259219C5008F7290 /* OneScreenScrollApp.swift */; };
		2C820DB9259219C7008F7290 /* OneScreenScrollApp.swift in Sources */ = {isa = PBXBuildFile; fileRef = 2C820D8F259219C5008F7290 /* OneScreenScrollApp.swift */; };
		2C820DBA259219C7008F7290 /* ContentView.swift in Sources */ = {isa = PBXBuildFile; fileRef = 2C820D90259219C5008F7290 /* ContentView.swift */; };
		2C820DBB259219C7008F7290 /* ContentView.swift in Sources */ = {isa = PBXBuildFile; fileRef = 2C820D90259219C5008F7290 /* ContentView.swift */; };
		2C820DBC259219C7008F7290 /* Assets.xcassets in Resources */ = {isa = PBXBuildFile; fileRef = 2C820D91259219C7008F7290 /* Assets.xcassets */; };
		2C820DBD259219C7008F7290 /* Assets.xcassets in Resources */ = {isa = PBXBuildFile; fileRef = 2C820D91259219C7008F7290 /* Assets.xcassets */; };
/* End PBXBuildFile section */

/* Begin PBXContainerItemProxy section */
		2C820DA7259219C7008F7290 /* PBXContainerItemProxy */ = {
			isa = PBXContainerItemProxy;
			containerPortal = 2C820D8A259219C5008F7290 /* Project object */;
			proxyType = 1;
			remoteGlobalIDString = 2C820D95259219C7008F7290;
			remoteInfo = "OneScreenScroll (iOS)";
		};
		2C820DB2259219C7008F7290 /* PBXContainerItemProxy */ = {
			isa = PBXContainerItemProxy;
			containerPortal = 2C820D8A259219C5008F7290 /* Project object */;
			proxyType = 1;
			remoteGlobalIDString = 2C820D9D259219C7008F7290;
			remoteInfo = "OneScreenScroll (macOS)";
		};
/* End PBXContainerItemProxy section */

/* Begin PBXFileReference section */
		2C820D8F259219C5008F7290 /* OneScreenScrollApp.swift */ = {isa = PBXFileReference; lastKnownFileType = sourcecode.swift; path = OneScreenScrollApp.swift; sourceTree = "<group>"; };
		2C820D90259219C5008F7290 /* ContentView.swift */ = {isa = PBXFileReference; lastKnownFileType = sourcecode.swift; path = ContentView.swift; sourceTree = "<group>"; };
		2C820D91259219C7008F7290 /* Assets.xcassets */ = {isa = PBXFileReference; lastKnownFileType = folder.assetcatalog; path = Assets.xcassets; sourceTree = "<group>"; };
		2C820D96259219C7008F7290 /* OneScreenScroll.app */ = {isa = PBXFileReference; explicitFileType = wrapper.application; includeInIndex = 0; path = OneScreenScroll.app; sourceTree = BUILT_PRODUCTS_DIR; };
		2C820D99259219C7008F7290 /* Info.plist */ = {isa = PBXFileReference; lastKnownFileType = text.plist.xml; path = Info.plist; sourceTree = "<group>"; };
		2C820D9E259219C7008F7290 /* OneScreenScroll.app */ = {isa = PBXFileReference; explicitFileType = wrapper.application; includeInIndex = 0; path = OneScreenScroll.app; sourceTree = BUILT_PRODUCTS_DIR; };
		2C820DA0259219C7008F7290 /* Info.plist */ = {isa = PBXFileReference; lastKnownFileType = text.plist.xml; path = Info.plist; sourceTree = "<group>"; };
		2C820DA1259219C7008F7290 /* macOS.entitlements */ = {isa = PBXFileReference; lastKnownFileType = text.plist.entitlements; path = macOS.entitlements; sourceTree = "<group>"; };
		2C820DA6259219C7008F7290 /* Tests iOS.xctest */ = {isa = PBXFileReference; explicitFileType = wrapper.cfbundle; includeInIndex = 0; path = "Tests iOS.xctest"; sourceTree = BUILT_PRODUCTS_DIR; };
		2C820DAA259219C7008F7290 /* Tests_iOS.swift */ = {isa = PBXFileReference; lastKnownFileType = sourcecode.swift; path = Tests_iOS.swift; sourceTree = "<group>"; };
		2C820DAC259219C7008F7290 /* Info.plist */ = {isa = PBXFileReference; lastKnownFileType = text.plist.xml; path = Info.plist; sourceTree = "<group>"; };
		2C820DB1259219C7008F7290 /* Tests macOS.xctest */ = {isa = PBXFileReference; explicitFileType = wrapper.cfbundle; includeInIndex = 0; path = "Tests macOS.xctest"; sourceTree = BUILT_PRODUCTS_DIR; };
		2C820DB5259219C7008F7290 /* Tests_macOS.swift */ = {isa = PBXFileReference; lastKnownFileType = sourcecode.swift; path = Tests_macOS.swift; sourceTree = "<group>"; };
		2C820DB7259219C7008F7290 /* Info.plist */ = {isa = PBXFileReference; lastKnownFileType = text.plist.xml; path = Info.plist; sourceTree = "<group>"; };
/* End PBXFileReference section */

/* Begin PBXFrameworksBuildPhase section */
		2C820D93259219C7008F7290 /* Frameworks */ = {
			isa = PBXFrameworksBuildPhase;
			buildActionMask = 2147483647;
			files = (
			);
			runOnlyForDeploymentPostprocessing = 0;
		};
		2C820D9B259219C7008F7290 /* Frameworks */ = {
			isa = PBXFrameworksBuildPhase;
			buildActionMask = 2147483647;
			files = (
			);
			runOnlyForDeploymentPostprocessing = 0;
		};
		2C820DA3259219C7008F7290 /* Frameworks */ = {
			isa = PBXFrameworksBuildPhase;
			buildActionMask = 2147483647;
			files = (
			);
			runOnlyForDeploymentPostprocessing = 0;
		};
		2C820DAE259219C7008F7290 /* Frameworks */ = {
			isa = PBXFrameworksBuildPhase;
			buildActionMask = 2147483647;
			files = (
			);
			runOnlyForDeploymentPostprocessing = 0;
		};
/* End PBXFrameworksBuildPhase section */

/* Begin PBXGroup section */
		2C820D89259219C5008F7290 = {
			isa = PBXGroup;
			children = (
				2C820D8E259219C5008F7290 /* Shared */,
				2C820D98259219C7008F7290 /* iOS */,
				2C820D9F259219C7008F7290 /* macOS */,
				2C820DA9259219C7008F7290 /* Tests iOS */,
				2C820DB4259219C7008F7290 /* Tests macOS */,
				2C820D97259219C7008F7290 /* Products */,
			);
			sourceTree = "<group>";
		};
		2C820D8E259219C5008F7290 /* Shared */ = {
			isa = PBXGroup;
			children = (
				2C820D8F259219C5008F7290 /* OneScreenScrollApp.swift */,
				2C820D90259219C5008F7290 /* ContentView.swift */,
				2C820D91259219C7008F7290 /* Assets.xcassets */,
			);
			path = Shared;
			sourceTree = "<group>";
		};
		2C820D97259219C7008F7290 /* Products */ = {
			isa = PBXGroup;
			children = (
				2C820D96259219C7008F7290 /* OneScreenScroll.app */,
				2C820D9E259219C7008F7290 /* OneScreenScroll.app */,
				2C820DA6259219C7008F7290 /* Tests iOS.xctest */,
				2C820DB1259219C7008F7290 /* Tests macOS.xctest */,
			);
			name = Products;
			sourceTree = "<group>";
		};
		2C820D98259219C7008F7290 /* iOS */ = {
			isa = PBXGroup;
			children = (
				2C820D99259219C7008F7290 /* Info.plist */,
			);
			path = iOS;
			sourceTree = "<group>";
		};
		2C820D9F259219C7008F7290 /* macOS */ = {
			isa = PBXGroup;
			children = (
				2C820DA0259219C7008F7290 /* Info.plist */,
				2C820DA1259219C7008F7290 /* macOS.entitlements */,
			);
			path = macOS;
			sourceTree = "<group>";
		};
		2C820DA9259219C7008F7290 /* Tests iOS */ = {
			isa = PBXGroup;
			children = (
				2C820DAA259219C7008F7290 /* Tests_iOS.swift */,
				2C820DAC259219C7008F7290 /* Info.plist */,
			);
			path = "Tests iOS";
			sourceTree = "<group>";
		};
		2C820DB4259219C7008F7290 /* Tests macOS */ = {
			isa = PBXGroup;
			children = (
				2C820DB5259219C7008F7290 /* Tests_macOS.swift */,
				2C820DB7259219C7008F7290 /* Info.plist */,
			);
			path = "Tests macOS";
			sourceTree = "<group>";
		};
/* End PBXGroup section */

/* Begin PBXNativeTarget section */
		2C820D95259219C7008F7290 /* OneScreenScroll (iOS) */ = {
			isa = PBXNativeTarget;
			buildConfigurationList = 2C820DC0259219C7008F7290 /* Build configuration list for PBXNativeTarget "OneScreenScroll (iOS)" */;
			buildPhases = (
				2C820D92259219C7008F7290 /* Sources */,
				2C820D93259219C7008F7290 /* Frameworks */,
				2C820D94259219C7008F7290 /* Resources */,
			);
			buildRules = (
			);
			dependencies = (
			);
			name = "OneScreenScroll (iOS)";
			productName = "OneScreenScroll (iOS)";
			productReference = 2C820D96259219C7008F7290 /* OneScreenScroll.app */;
			productType = "com.apple.product-type.application";
		};
		2C820D9D259219C7008F7290 /* OneScreenScroll (macOS) */ = {
			isa = PBXNativeTarget;
			buildConfigurationList = 2C820DC3259219C7008F7290 /* Build configuration list for PBXNativeTarget "OneScreenScroll (macOS)" */;
			buildPhases = (
				2C820D9A259219C7008F7290 /* Sources */,
				2C820D9B259219C7008F7290 /* Frameworks */,
				2C820D9C259219C7008F7290 /* Resources */,
			);
			buildRules = (
			);
			dependencies = (
			);
			name = "OneScreenScroll (macOS)";
			productName = "OneScreenScroll (macOS)";
			productReference = 2C820D9E259219C7008F7290 /* OneScreenScroll.app */;
			productType = "com.apple.product-type.application";
		};
		2C820DA5259219C7008F7290 /* Tests iOS */ = {
			isa = PBXNativeTarget;
			buildConfigurationList = 2C820DC6259219C7008F7290 /* Build configuration list for PBXNativeTarget "Tests iOS" */;
			buildPhases = (
				2C820DA2259219C7008F7290 /* Sources */,
				2C820DA3259219C7008F7290 /* Frameworks */,
				2C820DA4259219C7008F7290 /* Resources */,
			);
			buildRules = (
			);
			dependencies = (
				2C820DA8259219C7008F7290 /* PBXTargetDependency */,
			);
			name = "Tests iOS";
			productName = "Tests iOS";
			productReference = 2C820DA6259219C7008F7290 /* Tests iOS.xctest */;
			productType = "com.apple.product-type.bundle.ui-testing";
		};
		2C820DB0259219C7008F7290 /* Tests macOS */ = {
			isa = PBXNativeTarget;
			buildConfigurationList = 2C820DC9259219C7008F7290 /* Build configuration list for PBXNativeTarget "Tests macOS" */;
			buildPhases = (
				2C820DAD259219C7008F7290 /* Sources */,
				2C820DAE259219C7008F7290 /* Frameworks */,
				2C820DAF259219C7008F7290 /* Resources */,
			);
			buildRules = (
			);
			dependencies = (
				2C820DB3259219C7008F7290 /* PBXTargetDependency */,
			);
			name = "Tests macOS";
			productName = "Tests macOS";
			productReference = 2C820DB1259219C7008F7290 /* Tests macOS.xctest */;
			productType = "com.apple.product-type.bundle.ui-testing";
		};
/* End PBXNativeTarget section */

/* Begin PBXProject section */
		2C820D8A259219C5008F7290 /* Project object */ = {
			isa = PBXProject;
			attributes = {
				LastSwiftUpdateCheck = 1220;
				LastUpgradeCheck = 1220;
				TargetAttributes = {
					2C820D95259219C7008F7290 = {
						CreatedOnToolsVersion = 12.2;
					};
					2C820D9D259219C7008F7290 = {
						CreatedOnToolsVersion = 12.2;
					};
					2C820DA5259219C7008F7290 = {
						CreatedOnToolsVersion = 12.2;
						TestTargetID = 2C820D95259219C7008F7290;
					};
					2C820DB0259219C7008F7290 = {
						CreatedOnToolsVersion = 12.2;
						TestTargetID = 2C820D9D259219C7008F7290;
					};
				};
			};
			buildConfigurationList = 2C820D8D259219C5008F7290 /* Build configuration list for PBXProject "OneScreenScroll" */;
			compatibilityVersion = "Xcode 9.3";
			developmentRegion = en;
			hasScannedForEncodings = 0;
			knownRegions = (
				en,
				Base,
			);
			mainGroup = 2C820D89259219C5008F7290;
			productRefGroup = 2C820D97259219C7008F7290 /* Products */;
			projectDirPath = "";
			projectRoot = "";
			targets = (
				2C820D95259219C7008F7290 /* OneScreenScroll (iOS) */,
				2C820D9D259219C7008F7290 /* OneScreenScroll (macOS) */,
				2C820DA5259219C7008F7290 /* Tests iOS */,
				2C820DB0259219C7008F7290 /* Tests macOS */,
			);
		};
/* End PBXProject section */

/* Begin PBXResourcesBuildPhase section */
		2C820D94259219C7008F7290 /* Resources */ = {
			isa = PBXResourcesBuildPhase;
			buildActionMask = 2147483647;
			files = (
				2C820DBC259219C7008F7290 /* Assets.xcassets in Resources */,
			);
			runOnlyForDeploymentPostprocessing = 0;
		};
		2C820D9C259219C7008F7290 /* Resources */ = {
			isa = PBXResourcesBuildPhase;
			buildActionMask = 2147483647;
			files = (
				2C820DBD259219C7008F7290 /* Assets.xcassets in Resources */,
			);
			runOnlyForDeploymentPostprocessing = 0;
		};
		2C820DA4259219C7008F7290 /* Resources */ = {
			isa = PBXResourcesBuildPhase;
			buildActionMask = 2147483647;
			files = (
			);
			runOnlyForDeploymentPostprocessing = 0;
		};
		2C820DAF259219C7008F7290 /* Resources */ = {
			isa = PBXResourcesBuildPhase;
			buildActionMask = 2147483647;
			files = (
			);
			runOnlyForDeploymentPostprocessing = 0;
		};
/* End PBXResourcesBuildPhase section */

/* Begin PBXSourcesBuildPhase section */
		2C820D92259219C7008F7290 /* Sources */ = {
			isa = PBXSourcesBuildPhase;
			buildActionMask = 2147483647;
			files = (
				2C820DBA259219C7008F7290 /* ContentView.swift in Sources */,
				2C820DB8259219C7008F7290 /* OneScreenScrollApp.swift in Sources */,
			);
			runOnlyForDeploymentPostprocessing = 0;
		};
		2C820D9A259219C7008F7290 /* Sources */ = {
			isa = PBXSourcesBuildPhase;
			buildActionMask = 2147483647;
			files = (
				2C820DBB259219C7008F7290 /* ContentView.swift in Sources */,
				2C820DB9259219C7008F7290 /* OneScreenScrollApp.swift in Sources */,
			);
			runOnlyForDeploymentPostprocessing = 0;
		};
		2C820DA2259219C7008F7290 /* Sources */ = {
			isa = PBXSourcesBuildPhase;
			buildActionMask = 2147483647;
			files = (
				2C820DAB259219C7008F7290 /* Tests_iOS.swift in Sources */,
			);
			runOnlyForDeploymentPostprocessing = 0;
		};
		2C820DAD259219C7008F7290 /* Sources */ = {
			isa = PBXSourcesBuildPhase;
			buildActionMask = 2147483647;
			files = (
				2C820DB6259219C7008F7290 /* Tests_macOS.swift in Sources */,
			);
			runOnlyForDeploymentPostprocessing = 0;
		};
/* End PBXSourcesBuildPhase section */

/* Begin PBXTargetDependency section */
		2C820DA8259219C7008F7290 /* PBXTargetDependency */ = {
			isa = PBXTargetDependency;
			target = 2C820D95259219C7008F7290 /* OneScreenScroll (iOS) */;
			targetProxy = 2C820DA7259219C7008F7290 /* PBXContainerItemProxy */;
		};
		2C820DB3259219C7008F7290 /* PBXTargetDependency */ = {
			isa = PBXTargetDependency;
			target = 2C820D9D259219C7008F7290 /* OneScreenScroll (macOS) */;
			targetProxy = 2C820DB2259219C7008F7290 /* PBXContainerItemProxy */;
		};
/* End PBXTargetDependency section */

/* Begin XCBuildConfiguration section */
		2C820DBE259219C7008F7290 /* Debug */ = {
			isa = XCBuildConfiguration;
			buildSettings = {
				ALWAYS_SEARCH_USER_PATHS = NO;
				CLANG_ANALYZER_NONNULL = YES;
				CLANG_ANALYZER_NUMBER_OBJECT_CONVERSION = YES_AGGRESSIVE;
				CLANG_CXX_LANGUAGE_STANDARD = "gnu++14";
				CLANG_CXX_LIBRARY = "libc++";
				CLANG_ENABLE_MODULES = YES;
				CLANG_ENABLE_OBJC_ARC = YES;
				CLANG_ENABLE_OBJC_WEAK = YES;
				CLANG_WARN_BLOCK_CAPTURE_AUTORELEASING = YES;
				CLANG_WARN_BOOL_CONVERSION = YES;
				CLANG_WARN_COMMA = YES;
				CLANG_WARN_CONSTANT_CONVERSION = YES;
				CLANG_WARN_DEPRECATED_OBJC_IMPLEMENTATIONS = YES;
				CLANG_WARN_DIRECT_OBJC_ISA_USAGE = YES_ERROR;
				CLANG_WARN_DOCUMENTATION_COMMENTS = YES;
				CLANG_WARN_EMPTY_BODY = YES;
				CLANG_WARN_ENUM_CONVERSION = YES;
				CLANG_WARN_INFINITE_RECURSION = YES;
				CLANG_WARN_INT_CONVERSION = YES;
				CLANG_WARN_NON_LITERAL_NULL_CONVERSION = YES;
				CLANG_WARN_OBJC_IMPLICIT_RETAIN_SELF = YES;
				CLANG_WARN_OBJC_LITERAL_CONVERSION = YES;
				CLANG_WARN_OBJC_ROOT_CLASS = YES_ERROR;
				CLANG_WARN_QUOTED_INCLUDE_IN_FRAMEWORK_HEADER = YES;
				CLANG_WARN_RANGE_LOOP_ANALYSIS = YES;
				CLANG_WARN_STRICT_PROTOTYPES = YES;
				CLANG_WARN_SUSPICIOUS_MOVE = YES;
				CLANG_WARN_UNGUARDED_AVAILABILITY = YES_AGGRESSIVE;
				CLANG_WARN_UNREACHABLE_CODE = YES;
				CLANG_WARN__DUPLICATE_METHOD_MATCH = YES;
				COPY_PHASE_STRIP = NO;
				DEBUG_INFORMATION_FORMAT = dwarf;
				ENABLE_STRICT_OBJC_MSGSEND = YES;
				ENABLE_TESTABILITY = YES;
				GCC_C_LANGUAGE_STANDARD = gnu11;
				GCC_DYNAMIC_NO_PIC = NO;
				GCC_NO_COMMON_BLOCKS = YES;
				GCC_OPTIMIZATION_LEVEL = 0;
				GCC_PREPROCESSOR_DEFINITIONS = (
					"DEBUG=1",
					"$(inherited)",
				);
				GCC_WARN_64_TO_32_BIT_CONVERSION = YES;
				GCC_WARN_ABOUT_RETURN_TYPE = YES_ERROR;
				GCC_WARN_UNDECLARED_SELECTOR = YES;
				GCC_WARN_UNINITIALIZED_AUTOS = YES_AGGRESSIVE;
				GCC_WARN_UNUSED_FUNCTION = YES;
				GCC_WARN_UNUSED_VARIABLE = YES;
				MTL_ENABLE_DEBUG_INFO = INCLUDE_SOURCE;
				MTL_FAST_MATH = YES;
				ONLY_ACTIVE_ARCH = YES;
				SWIFT_ACTIVE_COMPILATION_CONDITIONS = DEBUG;
				SWIFT_OPTIMIZATION_LEVEL = "-Onone";
			};
			name = Debug;
		};
		2C820DBF259219C7008F7290 /* Release */ = {
			isa = XCBuildConfiguration;
			buildSettings = {
				ALWAYS_SEARCH_USER_PATHS = NO;
				CLANG_ANALYZER_NONNULL = YES;
				CLANG_ANALYZER_NUMBER_OBJECT_CONVERSION = YES_AGGRESSIVE;
				CLANG_CXX_LANGUAGE_STANDARD = "gnu++14";
				CLANG_CXX_LIBRARY = "libc++";
				CLANG_ENABLE_MODULES = YES;
				CLANG_ENABLE_OBJC_ARC = YES;
				CLANG_ENABLE_OBJC_WEAK = YES;
				CLANG_WARN_BLOCK_CAPTURE_AUTORELEASING = YES;
				CLANG_WARN_BOOL_CONVERSION = YES;
				CLANG_WARN_COMMA = YES;
				CLANG_WARN_CONSTANT_CONVERSION = YES;
				CLANG_WARN_DEPRECATED_OBJC_IMPLEMENTATIONS = YES;
				CLANG_WARN_DIRECT_OBJC_ISA_USAGE = YES_ERROR;
				CLANG_WARN_DOCUMENTATION_COMMENTS = YES;
				CLANG_WARN_EMPTY_BODY = YES;
				CLANG_WARN_ENUM_CONVERSION = YES;
				CLANG_WARN_INFINITE_RECURSION = YES;
				CLANG_WARN_INT_CONVERSION = YES;
				CLANG_WARN_NON_LITERAL_NULL_CONVERSION = YES;
				CLANG_WARN_OBJC_IMPLICIT_RETAIN_SELF = YES;
				CLANG_WARN_OBJC_LITERAL_CONVERSION = YES;
				CLANG_WARN_OBJC_ROOT_CLASS = YES_ERROR;
				CLANG_WARN_QUOTED_INCLUDE_IN_FRAMEWORK_HEADER = YES;
				CLANG_WARN_RANGE_LOOP_ANALYSIS = YES;
				CLANG_WARN_STRICT_PROTOTYPES = YES;
				CLANG_WARN_SUSPICIOUS_MOVE = YES;
				CLANG_WARN_UNGUARDED_AVAILABILITY = YES_AGGRESSIVE;
				CLANG_WARN_UNREACHABLE_CODE = YES;
				CLANG_WARN__DUPLICATE_METHOD_MATCH = YES;
				COPY_PHASE_STRIP = NO;
				DEBUG_INFORMATION_FORMAT = "dwarf-with-dsym";
				ENABLE_NS_ASSERTIONS = NO;
				ENABLE_STRICT_OBJC_MSGSEND = YES;
				GCC_C_LANGUAGE_STANDARD = gnu11;
				GCC_NO_COMMON_BLOCKS = YES;
				GCC_WARN_64_TO_32_BIT_CONVERSION = YES;
				GCC_WARN_ABOUT_RETURN_TYPE = YES_ERROR;
				GCC_WARN_UNDECLARED_SELECTOR = YES;
				GCC_WARN_UNINITIALIZED_AUTOS = YES_AGGRESSIVE;
				GCC_WARN_UNUSED_FUNCTION = YES;
				GCC_WARN_UNUSED_VARIABLE = YES;
				MTL_ENABLE_DEBUG_INFO = NO;
				MTL_FAST_MATH = YES;
				SWIFT_COMPILATION_MODE = wholemodule;
				SWIFT_OPTIMIZATION_LEVEL = "-O";
			};
			name = Release;
		};
		2C820DC1259219C7008F7290 /* Debug */ = {
			isa = XCBuildConfiguration;
			buildSettings = {
				ASSETCATALOG_COMPILER_APPICON_NAME = AppIcon;
				ASSETCATALOG_COMPILER_GLOBAL_ACCENT_COLOR_NAME = AccentColor;
				CODE_SIGN_STYLE = Automatic;
				ENABLE_PREVIEWS = YES;
				INFOPLIST_FILE = iOS/Info.plist;
				IPHONEOS_DEPLOYMENT_TARGET = 14.0;
				LD_RUNPATH_SEARCH_PATHS = (
					"$(inherited)",
					"@executable_path/Frameworks",
				);
				PRODUCT_BUNDLE_IDENTIFIER = com.mitsuaki1229.OneScreenScroll.OneScreenScroll;
				PRODUCT_NAME = OneScreenScroll;
				SDKROOT = iphoneos;
				SWIFT_VERSION = 5.0;
				TARGETED_DEVICE_FAMILY = "1,2";
			};
			name = Debug;
		};
		2C820DC2259219C7008F7290 /* Release */ = {
			isa = XCBuildConfiguration;
			buildSettings = {
				ASSETCATALOG_COMPILER_APPICON_NAME = AppIcon;
				ASSETCATALOG_COMPILER_GLOBAL_ACCENT_COLOR_NAME = AccentColor;
				CODE_SIGN_STYLE = Automatic;
				ENABLE_PREVIEWS = YES;
				INFOPLIST_FILE = iOS/Info.plist;
				IPHONEOS_DEPLOYMENT_TARGET = 14.0;
				LD_RUNPATH_SEARCH_PATHS = (
					"$(inherited)",
					"@executable_path/Frameworks",
				);
				PRODUCT_BUNDLE_IDENTIFIER = com.mitsuaki1229.OneScreenScroll.OneScreenScroll;
				PRODUCT_NAME = OneScreenScroll;
				SDKROOT = iphoneos;
				SWIFT_VERSION = 5.0;
				TARGETED_DEVICE_FAMILY = "1,2";
				VALIDATE_PRODUCT = YES;
			};
			name = Release;
		};
		2C820DC4259219C7008F7290 /* Debug */ = {
			isa = XCBuildConfiguration;
			buildSettings = {
				ASSETCATALOG_COMPILER_APPICON_NAME = AppIcon;
				ASSETCATALOG_COMPILER_GLOBAL_ACCENT_COLOR_NAME = AccentColor;
				CODE_SIGN_ENTITLEMENTS = macOS/macOS.entitlements;
				CODE_SIGN_STYLE = Automatic;
				COMBINE_HIDPI_IMAGES = YES;
				ENABLE_PREVIEWS = YES;
				INFOPLIST_FILE = macOS/Info.plist;
				LD_RUNPATH_SEARCH_PATHS = (
					"$(inherited)",
					"@executable_path/../Frameworks",
				);
				MACOSX_DEPLOYMENT_TARGET = 11.0;
				PRODUCT_BUNDLE_IDENTIFIER = com.mitsuaki1229.OneScreenScroll.OneScreenScroll;
				PRODUCT_NAME = OneScreenScroll;
				SDKROOT = macosx;
				SWIFT_VERSION = 5.0;
			};
			name = Debug;
		};
		2C820DC5259219C7008F7290 /* Release */ = {
			isa = XCBuildConfiguration;
			buildSettings = {
				ASSETCATALOG_COMPILER_APPICON_NAME = AppIcon;
				ASSETCATALOG_COMPILER_GLOBAL_ACCENT_COLOR_NAME = AccentColor;
				CODE_SIGN_ENTITLEMENTS = macOS/macOS.entitlements;
				CODE_SIGN_STYLE = Automatic;
				COMBINE_HIDPI_IMAGES = YES;
				ENABLE_PREVIEWS = YES;
				INFOPLIST_FILE = macOS/Info.plist;
				LD_RUNPATH_SEARCH_PATHS = (
					"$(inherited)",
					"@executable_path/../Frameworks",
				);
				MACOSX_DEPLOYMENT_TARGET = 11.0;
				PRODUCT_BUNDLE_IDENTIFIER = com.mitsuaki1229.OneScreenScroll.OneScreenScroll;
				PRODUCT_NAME = OneScreenScroll;
				SDKROOT = macosx;
				SWIFT_VERSION = 5.0;
			};
			name = Release;
		};
		2C820DC7259219C7008F7290 /* Debug */ = {
			isa = XCBuildConfiguration;
			buildSettings = {
				ALWAYS_EMBED_SWIFT_STANDARD_LIBRARIES = YES;
				CODE_SIGN_STYLE = Automatic;
				INFOPLIST_FILE = "Tests iOS/Info.plist";
				IPHONEOS_DEPLOYMENT_TARGET = 14.2;
				LD_RUNPATH_SEARCH_PATHS = (
					"$(inherited)",
					"@executable_path/Frameworks",
					"@loader_path/Frameworks",
				);
				PRODUCT_BUNDLE_IDENTIFIER = "com.mitsuaki1229.OneScreenScroll.Tests-iOS";
				PRODUCT_NAME = "$(TARGET_NAME)";
				SDKROOT = iphoneos;
				SWIFT_VERSION = 5.0;
				TARGETED_DEVICE_FAMILY = "1,2";
				TEST_TARGET_NAME = "OneScreenScroll (iOS)";
			};
			name = Debug;
		};
		2C820DC8259219C7008F7290 /* Release */ = {
			isa = XCBuildConfiguration;
			buildSettings = {
				ALWAYS_EMBED_SWIFT_STANDARD_LIBRARIES = YES;
				CODE_SIGN_STYLE = Automatic;
				INFOPLIST_FILE = "Tests iOS/Info.plist";
				IPHONEOS_DEPLOYMENT_TARGET = 14.2;
				LD_RUNPATH_SEARCH_PATHS = (
					"$(inherited)",
					"@executable_path/Frameworks",
					"@loader_path/Frameworks",
				);
				PRODUCT_BUNDLE_IDENTIFIER = "com.mitsuaki1229.OneScreenScroll.Tests-iOS";
				PRODUCT_NAME = "$(TARGET_NAME)";
				SDKROOT = iphoneos;
				SWIFT_VERSION = 5.0;
				TARGETED_DEVICE_FAMILY = "1,2";
				TEST_TARGET_NAME = "OneScreenScroll (iOS)";
				VALIDATE_PRODUCT = YES;
			};
			name = Release;
		};
		2C820DCA259219C7008F7290 /* Debug */ = {
			isa = XCBuildConfiguration;
			buildSettings = {
				ALWAYS_EMBED_SWIFT_STANDARD_LIBRARIES = YES;
				CODE_SIGN_STYLE = Automatic;
				COMBINE_HIDPI_IMAGES = YES;
				INFOPLIST_FILE = "Tests macOS/Info.plist";
				LD_RUNPATH_SEARCH_PATHS = (
					"$(inherited)",
					"@executable_path/../Frameworks",
					"@loader_path/../Frameworks",
				);
				MACOSX_DEPLOYMENT_TARGET = 10.15;
				PRODUCT_BUNDLE_IDENTIFIER = "com.mitsuaki1229.OneScreenScroll.Tests-macOS";
				PRODUCT_NAME = "$(TARGET_NAME)";
				SDKROOT = macosx;
				SWIFT_VERSION = 5.0;
				TEST_TARGET_NAME = "OneScreenScroll (macOS)";
			};
			name = Debug;
		};
		2C820DCB259219C7008F7290 /* Release */ = {
			isa = XCBuildConfiguration;
			buildSettings = {
				ALWAYS_EMBED_SWIFT_STANDARD_LIBRARIES = YES;
				CODE_SIGN_STYLE = Automatic;
				COMBINE_HIDPI_IMAGES = YES;
				INFOPLIST_FILE = "Tests macOS/Info.plist";
				LD_RUNPATH_SEARCH_PATHS = (
					"$(inherited)",
					"@executable_path/../Frameworks",
					"@loader_path/../Frameworks",
				);
				MACOSX_DEPLOYMENT_TARGET = 10.15;
				PRODUCT_BUNDLE_IDENTIFIER = "com.mitsuaki1229.OneScreenScroll.Tests-macOS";
				PRODUCT_NAME = "$(TARGET_NAME)";
				SDKROOT = macosx;
				SWIFT_VERSION = 5.0;
				TEST_TARGET_NAME = "OneScreenScroll (macOS)";
			};
			name = Release;
		};
/* End XCBuildConfiguration section */

/* Begin XCConfigurationList section */
		2C820D8D259219C5008F7290 /* Build configuration list for PBXProject "OneScreenScroll" */ = {
			isa = XCConfigurationList;
			buildConfigurations = (
				2C820DBE259219C7008F7290 /* Debug */,
				2C820DBF259219C7008F7290 /* Release */,
			);
			defaultConfigurationIsVisible = 0;
			defaultConfigurationName = Release;
		};
		2C820DC0259219C7008F7290 /* Build configuration list for PBXNativeTarget "OneScreenScroll (iOS)" */ = {
			isa = XCConfigurationList;
			buildConfigurations = (
				2C820DC1259219C7008F7290 /* Debug */,
				2C820DC2259219C7008F7290 /* Release */,
			);
			defaultConfigurationIsVisible = 0;
			defaultConfigurationName = Release;
		};
		2C820DC3259219C7008F7290 /* Build configuration list for PBXNativeTarget "OneScreenScroll (macOS)" */ = {
			isa = XCConfigurationList;
			buildConfigurations = (
				2C820DC4259219C7008F7290 /* Debug */,
				2C820DC5259219C7008F7290 /* Release */,
			);
			defaultConfigurationIsVisible = 0;
			defaultConfigurationName = Release;
		};
		2C820DC6259219C7008F7290 /* Build configuration list for PBXNativeTarget "Tests iOS" */ = {
			isa = XCConfigurationList;
			buildConfigurations = (
				2C820DC7259219C7008F7290 /* Debug */,
				2C820DC8259219C7008F7290 /* Release */,
			);
			defaultConfigurationIsVisible = 0;
			defaultConfigurationName = Release;
		};
		2C820DC9259219C7008F7290 /* Build configuration list for PBXNativeTarget "Tests macOS" */ = {
			isa = XCConfigurationList;
			buildConfigurations = (
				2C820DCA259219C7008F7290 /* Debug */,
				2C820DCB259219C7008F7290 /* Release */,
			);
			defaultConfigurationIsVisible = 0;
			defaultConfigurationName = Release;
		};
/* End XCConfigurationList section */
	};
	rootObject = 2C820D8A259219C5008F7290 /* Project object */;
}
